
Microsoft Visual Studio Solution File, Format Version 12.00
# Visual Studio Version 16
VisualStudioVersion = 16.0.29215.179
MinimumVisualStudioVersion = 10.0.40219.1
Project("{FAE04EC0-301F-11D3-BF4B-00C04F79EFBC}") = "ToDo.API", "ToDo.API\ToDo.API.csproj", "{7505D9F2-9F1F-4378-9FCF-BB5121E54D90}"
EndProject
Project("{FAE04EC0-301F-11D3-BF4B-00C04F79EFBC}") = "ToDo.Data", "ToDo.Data\ToDo.Data.csproj", "{DBF8EC15-9E0C-4353-BFE9-85D91A1B1858}"
EndProject
Project("{FAE04EC0-301F-11D3-BF4B-00C04F79EFBC}") = "ToDo.Repositories", "ToDo.Repositories\ToDo.Repositories.csproj", "{7D29B36F-F4B8-49CF-B6C5-EBB9FCE72042}"
EndProject
Project("{FAE04EC0-301F-11D3-BF4B-00C04F79EFBC}") = "ToDo.Core", "ToDo.Core\ToDo.Core.csproj", "{954C85FE-7E09-403A-A8D0-DAEA20DB72F5}"
EndProject
Global
	GlobalSection(SolutionConfigurationPlatforms) = preSolution
		Debug|Any CPU = Debug|Any CPU
		Release|Any CPU = Release|Any CPU
	EndGlobalSection
	GlobalSection(ProjectConfigurationPlatforms) = postSolution
		{7505D9F2-9F1F-4378-9FCF-BB5121E54D90}.Debug|Any CPU.ActiveCfg = Debug|Any CPU
		{7505D9F2-9F1F-4378-9FCF-BB5121E54D90}.Debug|Any CPU.Build.0 = Debug|Any CPU
		{7505D9F2-9F1F-4378-9FCF-BB5121E54D90}.Release|Any CPU.ActiveCfg = Release|Any CPU
		{7505D9F2-9F1F-4378-9FCF-BB5121E54D90}.Release|Any CPU.Build.0 = Release|Any CPU
		{DBF8EC15-9E0C-4353-BFE9-85D91A1B1858}.Debug|Any CPU.ActiveCfg = Debug|Any CPU
		{DBF8EC15-9E0C-4353-BFE9-85D91A1B1858}.Debug|Any CPU.Build.0 = Debug|Any CPU
		{DBF8EC15-9E0C-4353-BFE9-85D91A1B1858}.Release|Any CPU.ActiveCfg = Release|Any CPU
		{DBF8EC15-9E0C-4353-BFE9-85D91A1B1858}.Release|Any CPU.Build.0 = Release|Any CPU
		{7D29B36F-F4B8-49CF-B6C5-EBB9FCE72042}.Debug|Any CPU.ActiveCfg = Debug|Any CPU
		{7D29B36F-F4B8-49CF-B6C5-EBB9FCE72042}.Debug|Any CPU.Build.0 = Debug|Any CPU
		{7D29B36F-F4B8-49CF-B6C5-EBB9FCE72042}.Release|Any CPU.ActiveCfg = Release|Any CPU
		{7D29B36F-F4B8-49CF-B6C5-EBB9FCE72042}.Release|Any CPU.Build.0 = Release|Any CPU
		{954C85FE-7E09-403A-A8D0-DAEA20DB72F5}.Debug|Any CPU.ActiveCfg = Debug|Any CPU
		{954C85FE-7E09-403A-A8D0-DAEA20DB72F5}.Debug|Any CPU.Build.0 = Debug|Any CPU
		{954C85FE-7E09-403A-A8D0-DAEA20DB72F5}.Release|Any CPU.ActiveCfg = Release|Any CPU
		{954C85FE-7E09-403A-A8D0-DAEA20DB72F5}.Release|Any CPU.Build.0 = Release|Any CPU
	EndGlobalSection
	GlobalSection(SolutionProperties) = preSolution
		HideSolutionNode = FALSE
	EndGlobalSection
	GlobalSection(ExtensibilityGlobals) = postSolution
		SolutionGuid = {95EC669B-CCA3-48DA-9033-89FF22A2F260}
	EndGlobalSection
EndGlobal
